
Microsoft Visual Studio Solution File, Format Version 12.00
# Visual Studio 15
VisualStudioVersion = 15.0.26730.12
MinimumVisualStudioVersion = 10.0.40219.1
Project("{D954291E-2A0B-460D-934E-DC6B0785DB48}") = "listview_app", "listview_app\listview_app\listview_app.shproj", "{0046C701-458A-4338-810F-8CB5E829D22D}"
EndProject
Project("{FAE04EC0-301F-11D3-BF4B-00C04F79EFBC}") = "listview_app.Android", "listview_app\listview_app.Android\listview_app.Android.csproj", "{9E13E7BA-91A3-412F-9E62-F2DB3728078F}"
EndProject
Project("{FAE04EC0-301F-11D3-BF4B-00C04F79EFBC}") = "listview_app.iOS", "listview_app\listview_app.iOS\listview_app.iOS.csproj", "{1A58BC4E-1C87-4B67-9C33-63C6405FBF26}"
EndProject
Project("{FAE04EC0-301F-11D3-BF4B-00C04F79EFBC}") = "listview_app.UWP", "listview_app\listview_app.UWP\listview_app.UWP.csproj", "{6583A34A-A5E6-4A57-88C3-77A83D6AA058}"
EndProject
Global
	GlobalSection(SharedMSBuildProjectFiles) = preSolution
		listview_app\listview_app\listview_app.projitems*{0046c701-458a-4338-810f-8cb5e829d22d}*SharedItemsImports = 13
		listview_app\listview_app\listview_app.projitems*{1a58bc4e-1c87-4b67-9c33-63c6405fbf26}*SharedItemsImports = 4
		listview_app\listview_app\listview_app.projitems*{6583a34a-a5e6-4a57-88c3-77a83d6aa058}*SharedItemsImports = 4
		listview_app\listview_app\listview_app.projitems*{9e13e7ba-91a3-412f-9e62-f2db3728078f}*SharedItemsImports = 4
	EndGlobalSection
	GlobalSection(SolutionConfigurationPlatforms) = preSolution
		Ad-Hoc|Any CPU = Ad-Hoc|Any CPU
		Ad-Hoc|ARM = Ad-Hoc|ARM
		Ad-Hoc|iPhone = Ad-Hoc|iPhone
		Ad-Hoc|iPhoneSimulator = Ad-Hoc|iPhoneSimulator
		Ad-Hoc|x64 = Ad-Hoc|x64
		Ad-Hoc|x86 = Ad-Hoc|x86
		AppStore|Any CPU = AppStore|Any CPU
		AppStore|ARM = AppStore|ARM
		AppStore|iPhone = AppStore|iPhone
		AppStore|iPhoneSimulator = AppStore|iPhoneSimulator
		AppStore|x64 = AppStore|x64
		AppStore|x86 = AppStore|x86
		Debug|Any CPU = Debug|Any CPU
		Debug|ARM = Debug|ARM
		Debug|iPhone = Debug|iPhone
		Debug|iPhoneSimulator = Debug|iPhoneSimulator
		Debug|x64 = Debug|x64
		Debug|x86 = Debug|x86
		Release|Any CPU = Release|Any CPU
		Release|ARM = Release|ARM
		Release|iPhone = Release|iPhone
		Release|iPhoneSimulator = Release|iPhoneSimulator
		Release|x64 = Release|x64
		Release|x86 = Release|x86
	EndGlobalSection
	GlobalSection(ProjectConfigurationPlatforms) = postSolution
		{9E13E7BA-91A3-412F-9E62-F2DB3728078F}.Ad-Hoc|Any CPU.ActiveCfg = Release|Any CPU
		{9E13E7BA-91A3-412F-9E62-F2DB3728078F}.Ad-Hoc|Any CPU.Build.0 = Release|Any CPU
		{9E13E7BA-91A3-412F-9E62-F2DB3728078F}.Ad-Hoc|Any CPU.Deploy.0 = Release|Any CPU
		{9E13E7BA-91A3-412F-9E62-F2DB3728078F}.Ad-Hoc|ARM.ActiveCfg = Release|Any CPU
		{9E13E7BA-91A3-412F-9E62-F2DB3728078F}.Ad-Hoc|ARM.Build.0 = Release|Any CPU
		{9E13E7BA-91A3-412F-9E62-F2DB3728078F}.Ad-Hoc|ARM.Deploy.0 = Release|Any CPU
		{9E13E7BA-91A3-412F-9E62-F2DB3728078F}.Ad-Hoc|iPhone.ActiveCfg = Release|Any CPU
		{9E13E7BA-91A3-412F-9E62-F2DB3728078F}.Ad-Hoc|iPhone.Build.0 = Release|Any CPU
		{9E13E7BA-91A3-412F-9E62-F2DB3728078F}.Ad-Hoc|iPhone.Deploy.0 = Release|Any CPU
		{9E13E7BA-91A3-412F-9E62-F2DB3728078F}.Ad-Hoc|iPhoneSimulator.ActiveCfg = Release|Any CPU
		{9E13E7BA-91A3-412F-9E62-F2DB3728078F}.Ad-Hoc|iPhoneSimulator.Build.0 = Release|Any CPU
		{9E13E7BA-91A3-412F-9E62-F2DB3728078F}.Ad-Hoc|iPhoneSimulator.Deploy.0 = Release|Any CPU
		{9E13E7BA-91A3-412F-9E62-F2DB3728078F}.Ad-Hoc|x64.ActiveCfg = Release|Any CPU
		{9E13E7BA-91A3-412F-9E62-F2DB3728078F}.Ad-Hoc|x64.Build.0 = Release|Any CPU
		{9E13E7BA-91A3-412F-9E62-F2DB3728078F}.Ad-Hoc|x64.Deploy.0 = Release|Any CPU
		{9E13E7BA-91A3-412F-9E62-F2DB3728078F}.Ad-Hoc|x86.ActiveCfg = Release|Any CPU
		{9E13E7BA-91A3-412F-9E62-F2DB3728078F}.Ad-Hoc|x86.Build.0 = Release|Any CPU
		{9E13E7BA-91A3-412F-9E62-F2DB3728078F}.Ad-Hoc|x86.Deploy.0 = Release|Any CPU
		{9E13E7BA-91A3-412F-9E62-F2DB3728078F}.AppStore|Any CPU.ActiveCfg = Release|Any CPU
		{9E13E7BA-91A3-412F-9E62-F2DB3728078F}.AppStore|Any CPU.Build.0 = Release|Any CPU
		{9E13E7BA-91A3-412F-9E62-F2DB3728078F}.AppStore|Any CPU.Deploy.0 = Release|Any CPU
		{9E13E7BA-91A3-412F-9E62-F2DB3728078F}.AppStore|ARM.ActiveCfg = Release|Any CPU
		{9E13E7BA-91A3-412F-9E62-F2DB3728078F}.AppStore|ARM.Build.0 = Release|Any CPU
		{9E13E7BA-91A3-412F-9E62-F2DB3728078F}.AppStore|ARM.Deploy.0 = Release|Any CPU
		{9E13E7BA-91A3-412F-9E62-F2DB3728078F}.AppStore|iPhone.ActiveCfg = Release|Any CPU
		{9E13E7BA-91A3-412F-9E62-F2DB3728078F}.AppStore|iPhone.Build.0 = Release|Any CPU
		{9E13E7BA-91A3-412F-9E62-F2DB3728078F}.AppStore|iPhone.Deploy.0 = Release|Any CPU
		{9E13E7BA-91A3-412F-9E62-F2DB3728078F}.AppStore|iPhoneSimulator.ActiveCfg = Release|Any CPU
		{9E13E7BA-91A3-412F-9E62-F2DB3728078F}.AppStore|iPhoneSimulator.Build.0 = Release|Any CPU
		{9E13E7BA-91A3-412F-9E62-F2DB3728078F}.AppStore|iPhoneSimulator.Deploy.0 = Release|Any CPU
		{9E13E7BA-91A3-412F-9E62-F2DB3728078F}.AppStore|x64.ActiveCfg = Release|Any CPU
		{9E13E7BA-91A3-412F-9E62-F2DB3728078F}.AppStore|x64.Build.0 = Release|Any CPU
		{9E13E7BA-91A3-412F-9E62-F2DB3728078F}.AppStore|x64.Deploy.0 = Release|Any CPU
		{9E13E7BA-91A3-412F-9E62-F2DB3728078F}.AppStore|x86.ActiveCfg = Release|Any CPU
		{9E13E7BA-91A3-412F-9E62-F2DB3728078F}.AppStore|x86.Build.0 = Release|Any CPU
		{9E13E7BA-91A3-412F-9E62-F2DB3728078F}.AppStore|x86.Deploy.0 = Release|Any CPU
		{9E13E7BA-91A3-412F-9E62-F2DB3728078F}.Debug|Any CPU.ActiveCfg = Debug|Any CPU
		{9E13E7BA-91A3-412F-9E62-F2DB3728078F}.Debug|Any CPU.Build.0 = Debug|Any CPU
		{9E13E7BA-91A3-412F-9E62-F2DB3728078F}.Debug|Any CPU.Deploy.0 = Debug|Any CPU
		{9E13E7BA-91A3-412F-9E62-F2DB3728078F}.Debug|ARM.ActiveCfg = Debug|Any CPU
		{9E13E7BA-91A3-412F-9E62-F2DB3728078F}.Debug|ARM.Build.0 = Debug|Any CPU
		{9E13E7BA-91A3-412F-9E62-F2DB3728078F}.Debug|ARM.Deploy.0 = Debug|Any CPU
		{9E13E7BA-91A3-412F-9E62-F2DB3728078F}.Debug|iPhone.ActiveCfg = Debug|Any CPU
		{9E13E7BA-91A3-412F-9E62-F2DB3728078F}.Debug|iPhone.Build.0 = Debug|Any CPU
		{9E13E7BA-91A3-412F-9E62-F2DB3728078F}.Debug|iPhone.Deploy.0 = Debug|Any CPU
		{9E13E7BA-91A3-412F-9E62-F2DB3728078F}.Debug|iPhoneSimulator.ActiveCfg = Debug|Any CPU
		{9E13E7BA-91A3-412F-9E62-F2DB3728078F}.Debug|iPhoneSimulator.Build.0 = Debug|Any CPU
		{9E13E7BA-91A3-412F-9E62-F2DB3728078F}.Debug|iPhoneSimulator.Deploy.0 = Debug|Any CPU
		{9E13E7BA-91A3-412F-9E62-F2DB3728078F}.Debug|x64.ActiveCfg = Debug|Any CPU
		{9E13E7BA-91A3-412F-9E62-F2DB3728078F}.Debug|x64.Build.0 = Debug|Any CPU
		{9E13E7BA-91A3-412F-9E62-F2DB3728078F}.Debug|x64.Deploy.0 = Debug|Any CPU
		{9E13E7BA-91A3-412F-9E62-F2DB3728078F}.Debug|x86.ActiveCfg = Debug|Any CPU
		{9E13E7BA-91A3-412F-9E62-F2DB3728078F}.Debug|x86.Build.0 = Debug|Any CPU
		{9E13E7BA-91A3-412F-9E62-F2DB3728078F}.Debug|x86.Deploy.0 = Debug|Any CPU
		{9E13E7BA-91A3-412F-9E62-F2DB3728078F}.Release|Any CPU.ActiveCfg = Release|Any CPU
		{9E13E7BA-91A3-412F-9E62-F2DB3728078F}.Release|Any CPU.Build.0 = Release|Any CPU
		{9E13E7BA-91A3-412F-9E62-F2DB3728078F}.Release|Any CPU.Deploy.0 = Release|Any CPU
		{9E13E7BA-91A3-412F-9E62-F2DB3728078F}.Release|ARM.ActiveCfg = Release|Any CPU
		{9E13E7BA-91A3-412F-9E62-F2DB3728078F}.Release|ARM.Build.0 = Release|Any CPU
		{9E13E7BA-91A3-412F-9E62-F2DB3728078F}.Release|ARM.Deploy.0 = Release|Any CPU
		{9E13E7BA-91A3-412F-9E62-F2DB3728078F}.Release|iPhone.ActiveCfg = Release|Any CPU
		{9E13E7BA-91A3-412F-9E62-F2DB3728078F}.Release|iPhone.Build.0 = Release|Any CPU
		{9E13E7BA-91A3-412F-9E62-F2DB3728078F}.Release|iPhone.Deploy.0 = Release|Any CPU
		{9E13E7BA-91A3-412F-9E62-F2DB3728078F}.Release|iPhoneSimulator.ActiveCfg = Release|Any CPU
		{9E13E7BA-91A3-412F-9E62-F2DB3728078F}.Release|iPhoneSimulator.Build.0 = Release|Any CPU
		{9E13E7BA-91A3-412F-9E62-F2DB3728078F}.Release|iPhoneSimulator.Deploy.0 = Release|Any CPU
		{9E13E7BA-91A3-412F-9E62-F2DB3728078F}.Release|x64.ActiveCfg = Release|Any CPU
		{9E13E7BA-91A3-412F-9E62-F2DB3728078F}.Release|x64.Build.0 = Release|Any CPU
		{9E13E7BA-91A3-412F-9E62-F2DB3728078F}.Release|x64.Deploy.0 = Release|Any CPU
		{9E13E7BA-91A3-412F-9E62-F2DB3728078F}.Release|x86.ActiveCfg = Release|Any CPU
		{9E13E7BA-91A3-412F-9E62-F2DB3728078F}.Release|x86.Build.0 = Release|Any CPU
		{9E13E7BA-91A3-412F-9E62-F2DB3728078F}.Release|x86.Deploy.0 = Release|Any CPU
		{1A58BC4E-1C87-4B67-9C33-63C6405FBF26}.Ad-Hoc|Any CPU.ActiveCfg = Ad-Hoc|iPhone
		{1A58BC4E-1C87-4B67-9C33-63C6405FBF26}.Ad-Hoc|ARM.ActiveCfg = Ad-Hoc|iPhone
		{1A58BC4E-1C87-4B67-9C33-63C6405FBF26}.Ad-Hoc|iPhone.ActiveCfg = Ad-Hoc|iPhone
		{1A58BC4E-1C87-4B67-9C33-63C6405FBF26}.Ad-Hoc|iPhone.Build.0 = Ad-Hoc|iPhone
		{1A58BC4E-1C87-4B67-9C33-63C6405FBF26}.Ad-Hoc|iPhoneSimulator.ActiveCfg = Ad-Hoc|iPhoneSimulator
		{1A58BC4E-1C87-4B67-9C33-63C6405FBF26}.Ad-Hoc|iPhoneSimulator.Build.0 = Ad-Hoc|iPhoneSimulator
		{1A58BC4E-1C87-4B67-9C33-63C6405FBF26}.Ad-Hoc|x64.ActiveCfg = Ad-Hoc|iPhone
		{1A58BC4E-1C87-4B67-9C33-63C6405FBF26}.Ad-Hoc|x86.ActiveCfg = Ad-Hoc|iPhone
		{1A58BC4E-1C87-4B67-9C33-63C6405FBF26}.AppStore|Any CPU.ActiveCfg = AppStore|iPhone
		{1A58BC4E-1C87-4B67-9C33-63C6405FBF26}.AppStore|ARM.ActiveCfg = AppStore|iPhone
		{1A58BC4E-1C87-4B67-9C33-63C6405FBF26}.AppStore|iPhone.ActiveCfg = AppStore|iPhone
		{1A58BC4E-1C87-4B67-9C33-63C6405FBF26}.AppStore|iPhone.Build.0 = AppStore|iPhone
		{1A58BC4E-1C87-4B67-9C33-63C6405FBF26}.AppStore|iPhoneSimulator.ActiveCfg = AppStore|iPhoneSimulator
		{1A58BC4E-1C87-4B67-9C33-63C6405FBF26}.AppStore|iPhoneSimulator.Build.0 = AppStore|iPhoneSimulator
		{1A58BC4E-1C87-4B67-9C33-63C6405FBF26}.AppStore|x64.ActiveCfg = AppStore|iPhone
		{1A58BC4E-1C87-4B67-9C33-63C6405FBF26}.AppStore|x86.ActiveCfg = AppStore|iPhone
		{1A58BC4E-1C87-4B67-9C33-63C6405FBF26}.Debug|Any CPU.ActiveCfg = Debug|iPhone
		{1A58BC4E-1C87-4B67-9C33-63C6405FBF26}.Debug|ARM.ActiveCfg = Debug|iPhone
		{1A58BC4E-1C87-4B67-9C33-63C6405FBF26}.Debug|iPhone.ActiveCfg = Debug|iPhone
		{1A58BC4E-1C87-4B67-9C33-63C6405FBF26}.Debug|iPhone.Build.0 = Debug|iPhone
		{1A58BC4E-1C87-4B67-9C33-63C6405FBF26}.Debug|iPhoneSimulator.ActiveCfg = Debug|iPhoneSimulator
		{1A58BC4E-1C87-4B67-9C33-63C6405FBF26}.Debug|iPhoneSimulator.Build.0 = Debug|iPhoneSimulator
		{1A58BC4E-1C87-4B67-9C33-63C6405FBF26}.Debug|x64.ActiveCfg = Debug|iPhone
		{1A58BC4E-1C87-4B67-9C33-63C6405FBF26}.Debug|x86.ActiveCfg = Debug|iPhone
		{1A58BC4E-1C87-4B67-9C33-63C6405FBF26}.Release|Any CPU.ActiveCfg = Release|iPhone
		{1A58BC4E-1C87-4B67-9C33-63C6405FBF26}.Release|ARM.ActiveCfg = Release|iPhone
		{1A58BC4E-1C87-4B67-9C33-63C6405FBF26}.Release|iPhone.ActiveCfg = Release|iPhone
		{1A58BC4E-1C87-4B67-9C33-63C6405FBF26}.Release|iPhone.Build.0 = Release|iPhone
		{1A58BC4E-1C87-4B67-9C33-63C6405FBF26}.Release|iPhoneSimulator.ActiveCfg = Release|iPhoneSimulator
		{1A58BC4E-1C87-4B67-9C33-63C6405FBF26}.Release|iPhoneSimulator.Build.0 = Release|iPhoneSimulator
		{1A58BC4E-1C87-4B67-9C33-63C6405FBF26}.Release|x64.ActiveCfg = Release|iPhone
		{1A58BC4E-1C87-4B67-9C33-63C6405FBF26}.Release|x86.ActiveCfg = Release|iPhone
		{6583A34A-A5E6-4A57-88C3-77A83D6AA058}.Ad-Hoc|Any CPU.ActiveCfg = Release|x86
		{6583A34A-A5E6-4A57-88C3-77A83D6AA058}.Ad-Hoc|Any CPU.Build.0 = Release|x86
		{6583A34A-A5E6-4A57-88C3-77A83D6AA058}.Ad-Hoc|Any CPU.Deploy.0 = Release|x86
		{6583A34A-A5E6-4A57-88C3-77A83D6AA058}.Ad-Hoc|ARM.ActiveCfg = Release|ARM
		{6583A34A-A5E6-4A57-88C3-77A83D6AA058}.Ad-Hoc|ARM.Build.0 = Release|ARM
		{6583A34A-A5E6-4A57-88C3-77A83D6AA058}.Ad-Hoc|ARM.Deploy.0 = Release|ARM
		{6583A34A-A5E6-4A57-88C3-77A83D6AA058}.Ad-Hoc|iPhone.ActiveCfg = Release|x86
		{6583A34A-A5E6-4A57-88C3-77A83D6AA058}.Ad-Hoc|iPhone.Build.0 = Release|x86
		{6583A34A-A5E6-4A57-88C3-77A83D6AA058}.Ad-Hoc|iPhone.Deploy.0 = Release|x86
		{6583A34A-A5E6-4A57-88C3-77A83D6AA058}.Ad-Hoc|iPhoneSimulator.ActiveCfg = Release|x86
		{6583A34A-A5E6-4A57-88C3-77A83D6AA058}.Ad-Hoc|iPhoneSimulator.Build.0 = Release|x86
		{6583A34A-A5E6-4A57-88C3-77A83D6AA058}.Ad-Hoc|iPhoneSimulator.Deploy.0 = Release|x86
		{6583A34A-A5E6-4A57-88C3-77A83D6AA058}.Ad-Hoc|x64.ActiveCfg = Release|x64
		{6583A34A-A5E6-4A57-88C3-77A83D6AA058}.Ad-Hoc|x64.Build.0 = Release|x64
		{6583A34A-A5E6-4A57-88C3-77A83D6AA058}.Ad-Hoc|x64.Deploy.0 = Release|x64
		{6583A34A-A5E6-4A57-88C3-77A83D6AA058}.Ad-Hoc|x86.ActiveCfg = Release|x86
		{6583A34A-A5E6-4A57-88C3-77A83D6AA058}.Ad-Hoc|x86.Build.0 = Release|x86
		{6583A34A-A5E6-4A57-88C3-77A83D6AA058}.Ad-Hoc|x86.Deploy.0 = Release|x86
		{6583A34A-A5E6-4A57-88C3-77A83D6AA058}.AppStore|Any CPU.ActiveCfg = Release|x86
		{6583A34A-A5E6-4A57-88C3-77A83D6AA058}.AppStore|Any CPU.Build.0 = Release|x86
		{6583A34A-A5E6-4A57-88C3-77A83D6AA058}.AppStore|Any CPU.Deploy.0 = Release|x86
		{6583A34A-A5E6-4A57-88C3-77A83D6AA058}.AppStore|ARM.ActiveCfg = Release|ARM
		{6583A34A-A5E6-4A57-88C3-77A83D6AA058}.AppStore|ARM.Build.0 = Release|ARM
		{6583A34A-A5E6-4A57-88C3-77A83D6AA058}.AppStore|ARM.Deploy.0 = Release|ARM
		{6583A34A-A5E6-4A57-88C3-77A83D6AA058}.AppStore|iPhone.ActiveCfg = Release|x86
		{6583A34A-A5E6-4A57-88C3-77A83D6AA058}.AppStore|iPhone.Build.0 = Release|x86
		{6583A34A-A5E6-4A57-88C3-77A83D6AA058}.AppStore|iPhone.Deploy.0 = Release|x86
		{6583A34A-A5E6-4A57-88C3-77A83D6AA058}.AppStore|iPhoneSimulator.ActiveCfg = Release|x86
		{6583A34A-A5E6-4A57-88C3-77A83D6AA058}.AppStore|iPhoneSimulator.Build.0 = Release|x86
		{6583A34A-A5E6-4A57-88C3-77A83D6AA058}.AppStore|iPhoneSimulator.Deploy.0 = Release|x86
		{6583A34A-A5E6-4A57-88C3-77A83D6AA058}.AppStore|x64.ActiveCfg = Release|x64
		{6583A34A-A5E6-4A57-88C3-77A83D6AA058}.AppStore|x64.Build.0 = Release|x64
		{6583A34A-A5E6-4A57-88C3-77A83D6AA058}.AppStore|x64.Deploy.0 = Release|x64
		{6583A34A-A5E6-4A57-88C3-77A83D6AA058}.AppStore|x86.ActiveCfg = Release|x86
		{6583A34A-A5E6-4A57-88C3-77A83D6AA058}.AppStore|x86.Build.0 = Release|x86
		{6583A34A-A5E6-4A57-88C3-77A83D6AA058}.AppStore|x86.Deploy.0 = Release|x86
		{6583A34A-A5E6-4A57-88C3-77A83D6AA058}.Debug|Any CPU.ActiveCfg = Debug|x86
		{6583A34A-A5E6-4A57-88C3-77A83D6AA058}.Debug|ARM.ActiveCfg = Debug|ARM
		{6583A34A-A5E6-4A57-88C3-77A83D6AA058}.Debug|ARM.Build.0 = Debug|ARM
		{6583A34A-A5E6-4A57-88C3-77A83D6AA058}.Debug|ARM.Deploy.0 = Debug|ARM
		{6583A34A-A5E6-4A57-88C3-77A83D6AA058}.Debug|iPhone.ActiveCfg = Debug|x86
		{6583A34A-A5E6-4A57-88C3-77A83D6AA058}.Debug|iPhoneSimulator.ActiveCfg = Debug|x86
		{6583A34A-A5E6-4A57-88C3-77A83D6AA058}.Debug|x64.ActiveCfg = Debug|x64
		{6583A34A-A5E6-4A57-88C3-77A83D6AA058}.Debug|x64.Build.0 = Debug|x64
		{6583A34A-A5E6-4A57-88C3-77A83D6AA058}.Debug|x64.Deploy.0 = Debug|x64
		{6583A34A-A5E6-4A57-88C3-77A83D6AA058}.Debug|x86.ActiveCfg = Debug|x86
		{6583A34A-A5E6-4A57-88C3-77A83D6AA058}.Debug|x86.Build.0 = Debug|x86
		{6583A34A-A5E6-4A57-88C3-77A83D6AA058}.Debug|x86.Deploy.0 = Debug|x86
		{6583A34A-A5E6-4A57-88C3-77A83D6AA058}.Release|Any CPU.ActiveCfg = Release|x86
		{6583A34A-A5E6-4A57-88C3-77A83D6AA058}.Release|ARM.ActiveCfg = Release|ARM
		{6583A34A-A5E6-4A57-88C3-77A83D6AA058}.Release|ARM.Build.0 = Release|ARM
		{6583A34A-A5E6-4A57-88C3-77A83D6AA058}.Release|ARM.Deploy.0 = Release|ARM
		{6583A34A-A5E6-4A57-88C3-77A83D6AA058}.Release|iPhone.ActiveCfg = Release|x86
		{6583A34A-A5E6-4A57-88C3-77A83D6AA058}.Release|iPhoneSimulator.ActiveCfg = Release|x86
		{6583A34A-A5E6-4A57-88C3-77A83D6AA058}.Release|x64.ActiveCfg = Release|x64
		{6583A34A-A5E6-4A57-88C3-77A83D6AA058}.Release|x64.Build.0 = Release|x64
		{6583A34A-A5E6-4A57-88C3-77A83D6AA058}.Release|x64.Deploy.0 = Release|x64
		{6583A34A-A5E6-4A57-88C3-77A83D6AA058}.Release|x86.ActiveCfg = Release|x86
		{6583A34A-A5E6-4A57-88C3-77A83D6AA058}.Release|x86.Build.0 = Release|x86
		{6583A34A-A5E6-4A57-88C3-77A83D6AA058}.Release|x86.Deploy.0 = Release|x86
	EndGlobalSection
	GlobalSection(SolutionProperties) = preSolution
		HideSolutionNode = FALSE
	EndGlobalSection
	GlobalSection(ExtensibilityGlobals) = postSolution
		SolutionGuid = {042C2E97-5821-4F8A-8761-2DE48F39D285}
	EndGlobalSection
EndGlobal
